
Microsoft Visual Studio Solution File, Format Version 12.00
# Visual Studio 15
VisualStudioVersion = 15.0.26730.16
MinimumVisualStudioVersion = 10.0.40219.1
Project("{FAE04EC0-301F-11D3-BF4B-00C04F79EFBC}") = "Alterful", "Alterful\Alterful.csproj", "{9A29C012-B5AE-435E-9675-CB39AA8FB492}"
EndProject
Project("{FAE04EC0-301F-11D3-BF4B-00C04F79EFBC}") = "AlterfulTests", "AlterfulTests\AlterfulTests.csproj", "{BE32B944-F3B4-447E-AD3A-FA687BD8BE2A}"
EndProject
Project("{FAE04EC0-301F-11D3-BF4B-00C04F79EFBC}") = "AlterfulPipe", "AlterfulPipe\AlterfulPipe.csproj", "{42F82170-5E8E-48B5-8ED5-C387115A845A}"
EndProject
Global
	GlobalSection(SolutionConfigurationPlatforms) = preSolution
		Debug|Any CPU = Debug|Any CPU
		Release|Any CPU = Release|Any CPU
	EndGlobalSection
	GlobalSection(ProjectConfigurationPlatforms) = postSolution
		{9A29C012-B5AE-435E-9675-CB39AA8FB492}.Debug|Any CPU.ActiveCfg = Debug|Any CPU
		{9A29C012-B5AE-435E-9675-CB39AA8FB492}.Debug|Any CPU.Build.0 = Debug|Any CPU
		{9A29C012-B5AE-435E-9675-CB39AA8FB492}.Release|Any CPU.ActiveCfg = Release|Any CPU
		{9A29C012-B5AE-435E-9675-CB39AA8FB492}.Release|Any CPU.Build.0 = Release|Any CPU
		{BE32B944-F3B4-447E-AD3A-FA687BD8BE2A}.Debug|Any CPU.ActiveCfg = Debug|Any CPU
		{BE32B944-F3B4-447E-AD3A-FA687BD8BE2A}.Debug|Any CPU.Build.0 = Debug|Any CPU
		{BE32B944-F3B4-447E-AD3A-FA687BD8BE2A}.Release|Any CPU.ActiveCfg = Release|Any CPU
		{BE32B944-F3B4-447E-AD3A-FA687BD8BE2A}.Release|Any CPU.Build.0 = Release|Any CPU
		{42F82170-5E8E-48B5-8ED5-C387115A845A}.Debug|Any CPU.ActiveCfg = Debug|Any CPU
		{42F82170-5E8E-48B5-8ED5-C387115A845A}.Debug|Any CPU.Build.0 = Debug|Any CPU
		{42F82170-5E8E-48B5-8ED5-C387115A845A}.Release|Any CPU.ActiveCfg = Release|Any CPU
		{42F82170-5E8E-48B5-8ED5-C387115A845A}.Release|Any CPU.Build.0 = Release|Any CPU
	EndGlobalSection
	GlobalSection(SolutionProperties) = preSolution
		HideSolutionNode = FALSE
	EndGlobalSection
	GlobalSection(ExtensibilityGlobals) = postSolution
		SolutionGuid = {B1066350-588B-43FC-A466-870E7117A808}
	EndGlobalSection
EndGlobal
